# This file is autogenerated, do not edit; changes may be undone by the next 'dep ensure'.


[[projects]]
  branch = "master"
  digest = "1:afe8d08fa4c15449c1542b6da69396220a771b2c6109beea707dca1baa804fd9"
  name = "github.com/NebulousLabs/demotemutex"
  packages = ["."]
  pruneopts = "UT"
  revision = "235395f71c4073ee8e71eb51476e7989043b9809"

[[projects]]
  branch = "master"
  digest = "1:cd9402bbeef43a72e786ac3c860f790d64a8afbeabf3564dfbebfb01c7b0b199"
  name = "github.com/NebulousLabs/errors"
  packages = ["."]
  pruneopts = "UT"
  revision = "7ead97ef90b8efe5e824efdf129a60498291632a"

[[projects]]
  branch = "master"
  digest = "1:9a112e9f617878a9a643fdfcb7c31afaf0cf8859b8c179bf6bf53f9f881be695"
  name = "github.com/NebulousLabs/fastrand"
  packages = ["."]
  pruneopts = "UT"
  revision = "3cf7173006a0b7d2371fa1a220da7f9d48c7827c"

[[projects]]
  branch = "master"
  digest = "1:a940cbe66b93cfbd21916d06dca51a4f68cf0fccb95d7f0d80f4e127347e6e5e"
  name = "github.com/NebulousLabs/go-upnp"
  packages = [
    ".",
    "goupnp",
    "goupnp/dcps/internetgateway1",
    "goupnp/httpu",
    "goupnp/scpd",
    "goupnp/soap",
    "goupnp/ssdp",
  ]
  pruneopts = "UT"
  revision = "29b680b06c82d044ebea91bf3069038eb562df2a"

[[projects]]
  branch = "master"
  digest = "1:213a8de08bf90cb613ab645093072524c2e4b9c6761ecc43fb70b8cd00e10d51"
  name = "github.com/NebulousLabs/merkletree"
  packages = ["."]
  pruneopts = "UT"
  revision = "1db44fa75fb1036c6d7be59a5793be4b1fb8a5ab"

[[projects]]
  branch = "master"
  digest = "1:1343a2963481a305ca4d051e84bc2abd16b601ee22ed324f8d605de1adb291b0"
  name = "github.com/bgentry/speakeasy"
  packages = ["."]
  pruneopts = "UT"
  revision = "4aabc24848ce5fd31929f7d1e4ea74d3709c14cd"

[[projects]]
  digest = "1:870d441fe217b8e689d7949fef6e43efbc787e50f200cb1e70dbca9204a1d6be"
  name = "github.com/inconshreveable/mousetrap"
  packages = ["."]
  pruneopts = "UT"
  revision = "76626ae9c91c4f2a10f34cad8ce83ea42c93bb75"
  version = "v1.0"

[[projects]]
  digest = "1:ccfa094742ce1c97fd3f6481e1bf98f3d9862510eee2bc0eb56e2745396bd330"
  name = "github.com/julienschmidt/httprouter"
  packages = ["."]
  pruneopts = "UT"
  revision = "8c199fb6259ffc1af525cc3ad52ee60ba8359669"
  version = "v1.1"

[[projects]]
  digest = "1:40e195917a951a8bf867cd05de2a46aaf1806c50cf92eebf4c16f78cd196f747"
  name = "github.com/pkg/errors"
  packages = ["."]
  pruneopts = "UT"
  revision = "645ef00459ed84a119197bfb8d8205042c6df63d"
  version = "v0.8.0"

[[projects]]
  branch = "master"
  digest = "1:29390cd90266e2b4c714cfe135842e20760c4292b7baf84db9fd0b50655d367a"
  name = "github.com/rivine/bbolt"
  packages = ["."]
  pruneopts = "UT"
  revision = "19c3af6fd3cefb5dc9c05dfc84122e8f74f92927"

[[projects]]
  digest = "1:727749ee690197b064e9995ad9c4789c32f94de2b5a1557117dc43eaa001acf8"
  name = "github.com/rivine/smux"
  packages = ["."]
  pruneopts = "UT"
  revision = "e28719eede1ac5714cf0b06ba2f403125864ebe0"
  version = "v1.0.7"

[[projects]]
  digest = "1:645cabccbb4fa8aab25a956cbcbdf6a6845ca736b2c64e197ca7cbb9d210b939"
  name = "github.com/spf13/cobra"
  packages = ["."]
  pruneopts = "UT"
  revision = "ef82de70bb3f60c65fb8eebacbb2d122ef517385"
  version = "v0.0.3"

[[projects]]
  digest = "1:9424f440bba8f7508b69414634aef3b2b3a877e522d8a4624692412805407bb7"
  name = "github.com/spf13/pflag"
  packages = ["."]
  pruneopts = "UT"
  revision = "583c0c0531f06d5278b7d917446061adc344b5cd"
  version = "v1.0.1"

[[projects]]
  branch = "master"
  digest = "1:33512ce8493199ddaf949a256162a43915a1ac129260a83e782b4cf439b7c526"
  name = "github.com/threefoldtech/rivine"
  packages = [
    "build",
    "crypto",
    "encoding",
    "modules",
    "modules/blockcreator",
    "modules/consensus",
    "modules/explorer",
    "modules/gateway",
    "modules/transactionpool",
    "modules/wallet",
    "persist",
    "pkg/api",
    "pkg/cli",
    "pkg/client",
    "pkg/daemon",
    "sync",
    "types",
  ]
  pruneopts = "UT"
  revision = "cedbd2d1104a1fdaff48353cab50a14dda2d35fe"

[[projects]]
  branch = "master"
  digest = "1:bdc3f44533dbd81b8536fb037792d8aa2597744ab3a57a5f57fd297267b40e7e"
  name = "github.com/tyler-smith/go-bip39"
  packages = [
    ".",
    "wordlists",
  ]
  pruneopts = "UT"
  revision = "95c66720ed7ac2f4b78ddb31d940d59193894f49"

[[projects]]
  branch = "master"
  digest = "1:061c9b45118e3b17608b3d8996d57ca917e6dd8be2ecc887f558b213fdffefaf"
  name = "golang.org/x/crypto"
  packages = [
    "blake2b",
    "ed25519",
    "ed25519/internal/edwards25519",
    "pbkdf2",
    "twofish",
  ]
  pruneopts = "UT"
  revision = "7f39a6fea4fe9364fb61e1def6a268a51b4f3a06"

[[projects]]
  branch = "master"
  digest = "1:a02aa415a75c3de7ea637f7cf5551bdb1bf72f7b0eae6a462e835d6fbed4e426"
  name = "golang.org/x/net"
  packages = [
    "html",
    "html/atom",
    "html/charset",
  ]
  pruneopts = "UT"
  revision = "922f4815f713f213882e8ef45e0d315b164d705c"

[[projects]]
  branch = "master"
  digest = "1:9765d84230788e85cc7ede289309d7e5468b4114715ae06adc8d50433bf05dae"
  name = "golang.org/x/sys"
  packages = [
    "cpu",
    "unix",
  ]
  pruneopts = "UT"
  revision = "ad87a3a340fa7f3bed189293fbfa7a9b7e021ae1"

[[projects]]
  digest = "1:aa4d6967a3237f8367b6bf91503964a77183ecf696f1273e8ad3551bb4412b5f"
  name = "golang.org/x/text"
  packages = [
    "encoding",
    "encoding/charmap",
    "encoding/htmlindex",
    "encoding/internal",
    "encoding/internal/identifier",
    "encoding/japanese",
    "encoding/korean",
    "encoding/simplifiedchinese",
    "encoding/traditionalchinese",
    "encoding/unicode",
    "internal/gen",
    "internal/tag",
    "internal/utf8internal",
    "language",
    "runes",
    "transform",
    "unicode/cldr",
  ]
  pruneopts = "UT"
  revision = "f21a4dfb5e38f5895301dc265a8def02365cc3d0"
  version = "v0.3.0"

[solve-meta]
  analyzer-name = "dep"
  analyzer-version = 1
  input-imports = [
    "github.com/bgentry/speakeasy",
    "github.com/julienschmidt/httprouter",
    "github.com/rivine/bbolt",
    "github.com/spf13/cobra",
    "github.com/spf13/pflag",
    "github.com/threefoldtech/rivine/build",
    "github.com/threefoldtech/rivine/crypto",
    "github.com/threefoldtech/rivine/encoding",
    "github.com/threefoldtech/rivine/modules",
    "github.com/threefoldtech/rivine/modules/blockcreator",
    "github.com/threefoldtech/rivine/modules/consensus",
    "github.com/threefoldtech/rivine/modules/explorer",
    "github.com/threefoldtech/rivine/modules/gateway",
    "github.com/threefoldtech/rivine/modules/transactionpool",
    "github.com/threefoldtech/rivine/modules/wallet",
    "github.com/threefoldtech/rivine/persist",
    "github.com/threefoldtech/rivine/pkg/api",
    "github.com/threefoldtech/rivine/pkg/cli",
    "github.com/threefoldtech/rivine/pkg/client",
    "github.com/threefoldtech/rivine/pkg/daemon",
    "github.com/threefoldtech/rivine/sync",
    "github.com/threefoldtech/rivine/types",
  ]
  solver-name = "gps-cdcl"
  solver-version = 1
